// !$*UTF8*$!
{
	archiveVersion = 1;
	classes = {
	};
	objectVersion = 46;
	objects = {

/* Begin PBXBuildFile section */
		6E15CFCD1C9333A00063173B /* AppDelegate.swift in Sources */ = {isa = PBXBuildFile; fileRef = 6E15CFCC1C9333A00063173B /* AppDelegate.swift */; };
		6E15CFCF1C9333A00063173B /* ViewController.swift in Sources */ = {isa = PBXBuildFile; fileRef = 6E15CFCE1C9333A00063173B /* ViewController.swift */; };
		6E15CFD21C9333A00063173B /* Main.storyboard in Resources */ = {isa = PBXBuildFile; fileRef = 6E15CFD01C9333A00063173B /* Main.storyboard */; };
		6E15CFD41C9333A00063173B /* Assets.xcassets in Resources */ = {isa = PBXBuildFile; fileRef = 6E15CFD31C9333A00063173B /* Assets.xcassets */; };
		6E15CFD71C9333A00063173B /* LaunchScreen.storyboard in Resources */ = {isa = PBXBuildFile; fileRef = 6E15CFD51C9333A00063173B /* LaunchScreen.storyboard */; };
		6E15CFF31C9334430063173B /* WaterEntryTests.swift in Sources */ = {isa = PBXBuildFile; fileRef = 6E15CFF21C9334430063173B /* WaterEntryTests.swift */; };
		6E15CFF51C93349E0063173B /* WaterEntry.swift in Sources */ = {isa = PBXBuildFile; fileRef = 6E15CFF41C93349E0063173B /* WaterEntry.swift */; };
		6E15CFF71C9336650063173B /* BeverageTests.swift in Sources */ = {isa = PBXBuildFile; fileRef = 6E15CFF61C9336650063173B /* BeverageTests.swift */; };
		6E15CFF91C93368F0063173B /* Beverage.swift in Sources */ = {isa = PBXBuildFile; fileRef = 6E15CFF81C93368F0063173B /* Beverage.swift */; };
		6E15CFFE1C9338260063173B /* MainViewController.swift in Sources */ = {isa = PBXBuildFile; fileRef = 6E15CFFD1C9338260063173B /* MainViewController.swift */; };
		6E15D0011C9338510063173B /* MainViewControllerTests.swift in Sources */ = {isa = PBXBuildFile; fileRef = 6E15D0001C9338510063173B /* MainViewControllerTests.swift */; };
		6E15D0091C933F1C0063173B /* SelectionView.swift in Sources */ = {isa = PBXBuildFile; fileRef = 6E15D0081C933F1C0063173B /* SelectionView.swift */; };
		6E15D00C1C933F500063173B /* SelectionViewTests.swift in Sources */ = {isa = PBXBuildFile; fileRef = 6E15D00B1C933F500063173B /* SelectionViewTests.swift */; };
		6E15D00E1C9347560063173B /* SelectionDataProvider.swift in Sources */ = {isa = PBXBuildFile; fileRef = 6E15D00D1C9347560063173B /* SelectionDataProvider.swift */; };
		6E15D0101C9348EA0063173B /* SelectionViewDataProviderTests.swift in Sources */ = {isa = PBXBuildFile; fileRef = 6E15D00F1C9348EA0063173B /* SelectionViewDataProviderTests.swift */; };
		6E15D0421C93FE5F0063173B /* ContentViewController.swift in Sources */ = {isa = PBXBuildFile; fileRef = 6E15D0411C93FE5F0063173B /* ContentViewController.swift */; };
		6E15D0441C9412D40063173B /* BeverageCell.swift in Sources */ = {isa = PBXBuildFile; fileRef = 6E15D0431C9412D40063173B /* BeverageCell.swift */; };
		6E15D0461C94143B0063173B /* BeverageCellTests.swift in Sources */ = {isa = PBXBuildFile; fileRef = 6E15D0451C94143B0063173B /* BeverageCellTests.swift */; };
		6E15D0481C9416ED0063173B /* ContentViewControllerTests.swift in Sources */ = {isa = PBXBuildFile; fileRef = 6E15D0471C9416ED0063173B /* ContentViewControllerTests.swift */; };
		6E15D04C1C94B6910063173B /* Extension+UIColor.swift in Sources */ = {isa = PBXBuildFile; fileRef = 6E15D04B1C94B6910063173B /* Extension+UIColor.swift */; };
		6E15D05C1C959B2C0063173B /* BeverageManagerTests.swift in Sources */ = {isa = PBXBuildFile; fileRef = 6E15D05B1C959B2C0063173B /* BeverageManagerTests.swift */; };
		6E15D05E1C959B770063173B /* BeverageManager.swift in Sources */ = {isa = PBXBuildFile; fileRef = 6E15D05D1C959B770063173B /* BeverageManager.swift */; };
		6E82A72F1C96ED16006F2B67 /* AmountView.swift in Sources */ = {isa = PBXBuildFile; fileRef = 6E82A72E1C96ED16006F2B67 /* AmountView.swift */; };
		6E82A7311C96ED84006F2B67 /* AmountViewTests.swift in Sources */ = {isa = PBXBuildFile; fileRef = 6E82A7301C96ED84006F2B67 /* AmountViewTests.swift */; };
/* End PBXBuildFile section */

/* Begin PBXContainerItemProxy section */
		6E15CFDE1C9333A00063173B /* PBXContainerItemProxy */ = {
			isa = PBXContainerItemProxy;
			containerPortal = 6E15CFC11C9333A00063173B /* Project object */;
			proxyType = 1;
			remoteGlobalIDString = 6E15CFC81C9333A00063173B;
			remoteInfo = myWater;
		};
/* End PBXContainerItemProxy section */

/* Begin PBXFileReference section */
		6E15CFC91C9333A00063173B /* myWater.app */ = {isa = PBXFileReference; explicitFileType = wrapper.application; includeInIndex = 0; path = myWater.app; sourceTree = BUILT_PRODUCTS_DIR; };
		6E15CFCC1C9333A00063173B /* AppDelegate.swift */ = {isa = PBXFileReference; lastKnownFileType = sourcecode.swift; path = AppDelegate.swift; sourceTree = "<group>"; };
		6E15CFCE1C9333A00063173B /* ViewController.swift */ = {isa = PBXFileReference; lastKnownFileType = sourcecode.swift; path = ViewController.swift; sourceTree = "<group>"; };
		6E15CFD11C9333A00063173B /* Base */ = {isa = PBXFileReference; lastKnownFileType = file.storyboard; name = Base; path = Base.lproj/Main.storyboard; sourceTree = "<group>"; };
		6E15CFD31C9333A00063173B /* Assets.xcassets */ = {isa = PBXFileReference; lastKnownFileType = folder.assetcatalog; path = Assets.xcassets; sourceTree = "<group>"; };
		6E15CFD61C9333A00063173B /* Base */ = {isa = PBXFileReference; lastKnownFileType = file.storyboard; name = Base; path = Base.lproj/LaunchScreen.storyboard; sourceTree = "<group>"; };
		6E15CFD81C9333A00063173B /* Info.plist */ = {isa = PBXFileReference; lastKnownFileType = text.plist.xml; path = Info.plist; sourceTree = "<group>"; };
		6E15CFDD1C9333A00063173B /* myWaterTests.xctest */ = {isa = PBXFileReference; explicitFileType = wrapper.cfbundle; includeInIndex = 0; path = myWaterTests.xctest; sourceTree = BUILT_PRODUCTS_DIR; };
		6E15CFE31C9333A00063173B /* Info.plist */ = {isa = PBXFileReference; lastKnownFileType = text.plist.xml; path = Info.plist; sourceTree = "<group>"; };
		6E15CFF21C9334430063173B /* WaterEntryTests.swift */ = {isa = PBXFileReference; fileEncoding = 4; lastKnownFileType = sourcecode.swift; name = WaterEntryTests.swift; path = Model/WaterEntryTests.swift; sourceTree = "<group>"; };
		6E15CFF41C93349E0063173B /* WaterEntry.swift */ = {isa = PBXFileReference; fileEncoding = 4; lastKnownFileType = sourcecode.swift; name = WaterEntry.swift; path = Model/WaterEntry.swift; sourceTree = "<group>"; };
		6E15CFF61C9336650063173B /* BeverageTests.swift */ = {isa = PBXFileReference; fileEncoding = 4; lastKnownFileType = sourcecode.swift; name = BeverageTests.swift; path = Model/BeverageTests.swift; sourceTree = "<group>"; };
		6E15CFF81C93368F0063173B /* Beverage.swift */ = {isa = PBXFileReference; fileEncoding = 4; lastKnownFileType = sourcecode.swift; name = Beverage.swift; path = Model/Beverage.swift; sourceTree = "<group>"; };
		6E15CFFD1C9338260063173B /* MainViewController.swift */ = {isa = PBXFileReference; fileEncoding = 4; lastKnownFileType = sourcecode.swift; path = MainViewController.swift; sourceTree = "<group>"; };
		6E15D0001C9338510063173B /* MainViewControllerTests.swift */ = {isa = PBXFileReference; fileEncoding = 4; lastKnownFileType = sourcecode.swift; name = MainViewControllerTests.swift; path = Controller/MainViewControllerTests.swift; sourceTree = "<group>"; };
		6E15D0081C933F1C0063173B /* SelectionView.swift */ = {isa = PBXFileReference; fileEncoding = 4; lastKnownFileType = sourcecode.swift; name = SelectionView.swift; path = Views/SelectionView.swift; sourceTree = "<group>"; };
		6E15D00B1C933F500063173B /* SelectionViewTests.swift */ = {isa = PBXFileReference; fileEncoding = 4; lastKnownFileType = sourcecode.swift; name = SelectionViewTests.swift; path = Views/SelectionViewTests.swift; sourceTree = "<group>"; };
		6E15D00D1C9347560063173B /* SelectionDataProvider.swift */ = {isa = PBXFileReference; fileEncoding = 4; lastKnownFileType = sourcecode.swift; path = SelectionDataProvider.swift; sourceTree = "<group>"; };
		6E15D00F1C9348EA0063173B /* SelectionViewDataProviderTests.swift */ = {isa = PBXFileReference; fileEncoding = 4; lastKnownFileType = sourcecode.swift; name = SelectionViewDataProviderTests.swift; path = Controller/SelectionViewDataProviderTests.swift; sourceTree = "<group>"; };
		6E15D0411C93FE5F0063173B /* ContentViewController.swift */ = {isa = PBXFileReference; fileEncoding = 4; lastKnownFileType = sourcecode.swift; name = ContentViewController.swift; path = Controller/ContentViewController.swift; sourceTree = "<group>"; };
		6E15D0431C9412D40063173B /* BeverageCell.swift */ = {isa = PBXFileReference; fileEncoding = 4; lastKnownFileType = sourcecode.swift; name = BeverageCell.swift; path = Controller/BeverageCell.swift; sourceTree = "<group>"; };
		6E15D0451C94143B0063173B /* BeverageCellTests.swift */ = {isa = PBXFileReference; fileEncoding = 4; lastKnownFileType = sourcecode.swift; name = BeverageCellTests.swift; path = Controller/BeverageCellTests.swift; sourceTree = "<group>"; };
		6E15D0471C9416ED0063173B /* ContentViewControllerTests.swift */ = {isa = PBXFileReference; fileEncoding = 4; lastKnownFileType = sourcecode.swift; name = ContentViewControllerTests.swift; path = Controller/ContentViewControllerTests.swift; sourceTree = "<group>"; };
		6E15D04B1C94B6910063173B /* Extension+UIColor.swift */ = {isa = PBXFileReference; fileEncoding = 4; lastKnownFileType = sourcecode.swift; path = "Extension+UIColor.swift"; sourceTree = "<group>"; };
		6E15D05B1C959B2C0063173B /* BeverageManagerTests.swift */ = {isa = PBXFileReference; fileEncoding = 4; lastKnownFileType = sourcecode.swift; name = BeverageManagerTests.swift; path = Model/BeverageManagerTests.swift; sourceTree = "<group>"; };
		6E15D05D1C959B770063173B /* BeverageManager.swift */ = {isa = PBXFileReference; fileEncoding = 4; lastKnownFileType = sourcecode.swift; name = BeverageManager.swift; path = Model/BeverageManager.swift; sourceTree = "<group>"; };
		6E82A72E1C96ED16006F2B67 /* AmountView.swift */ = {isa = PBXFileReference; fileEncoding = 4; lastKnownFileType = sourcecode.swift; name = AmountView.swift; path = Views/AmountView.swift; sourceTree = "<group>"; };
		6E82A7301C96ED84006F2B67 /* AmountViewTests.swift */ = {isa = PBXFileReference; fileEncoding = 4; lastKnownFileType = sourcecode.swift; name = AmountViewTests.swift; path = Views/AmountViewTests.swift; sourceTree = "<group>"; };
/* End PBXFileReference section */

/* Begin PBXFrameworksBuildPhase section */
		6E15CFC61C9333A00063173B /* Frameworks */ = {
			isa = PBXFrameworksBuildPhase;
			buildActionMask = 2147483647;
			files = (
			);
			runOnlyForDeploymentPostprocessing = 0;
		};
		6E15CFDA1C9333A00063173B /* Frameworks */ = {
			isa = PBXFrameworksBuildPhase;
			buildActionMask = 2147483647;
			files = (
			);
			runOnlyForDeploymentPostprocessing = 0;
		};
/* End PBXFrameworksBuildPhase section */

/* Begin PBXGroup section */
		6E15CFC01C9333A00063173B = {
			isa = PBXGroup;
			children = (
				6E15CFCB1C9333A00063173B /* myWater */,
				6E15CFE01C9333A00063173B /* myWaterTests */,
				6E15CFCA1C9333A00063173B /* Products */,
			);
			sourceTree = "<group>";
		};
		6E15CFCA1C9333A00063173B /* Products */ = {
			isa = PBXGroup;
			children = (
				6E15CFC91C9333A00063173B /* myWater.app */,
				6E15CFDD1C9333A00063173B /* myWaterTests.xctest */,
			);
			name = Products;
			sourceTree = "<group>";
		};
		6E15CFCB1C9333A00063173B /* myWater */ = {
			isa = PBXGroup;
			children = (
				6E15D0071C933F060063173B /* Views */,
				6E15CFFF1C93382D0063173B /* Controller */,
				6E15CFEE1C9333F20063173B /* Modell */,
				6E15CFEC1C9333BB0063173B /* Supporting Files */,
			);
			path = myWater;
			sourceTree = "<group>";
		};
		6E15CFE01C9333A00063173B /* myWaterTests */ = {
			isa = PBXGroup;
			children = (
				6E15D00A1C933F3E0063173B /* Views */,
				6E15CFFC1C93381A0063173B /* Controller */,
				6E15CFEF1C9333F80063173B /* Modell */,
				6E15CFED1C9333DF0063173B /* Supporting Files */,
			);
			path = myWaterTests;
			sourceTree = "<group>";
		};
		6E15CFEC1C9333BB0063173B /* Supporting Files */ = {
			isa = PBXGroup;
			children = (
				6E15D04B1C94B6910063173B /* Extension+UIColor.swift */,
				6E15CFCC1C9333A00063173B /* AppDelegate.swift */,
				6E15CFCE1C9333A00063173B /* ViewController.swift */,
				6E15CFD01C9333A00063173B /* Main.storyboard */,
				6E15CFD31C9333A00063173B /* Assets.xcassets */,
				6E15CFD51C9333A00063173B /* LaunchScreen.storyboard */,
				6E15CFD81C9333A00063173B /* Info.plist */,
			);
			name = "Supporting Files";
			sourceTree = "<group>";
		};
		6E15CFED1C9333DF0063173B /* Supporting Files */ = {
			isa = PBXGroup;
			children = (
				6E15CFE31C9333A00063173B /* Info.plist */,
			);
			name = "Supporting Files";
			sourceTree = "<group>";
		};
		6E15CFEE1C9333F20063173B /* Modell */ = {
			isa = PBXGroup;
			children = (
				6E15CFF41C93349E0063173B /* WaterEntry.swift */,
				6E15CFF81C93368F0063173B /* Beverage.swift */,
				6E15D05D1C959B770063173B /* BeverageManager.swift */,
			);
			name = Modell;
			sourceTree = "<group>";
		};
		6E15CFEF1C9333F80063173B /* Modell */ = {
			isa = PBXGroup;
			children = (
				6E15CFF21C9334430063173B /* WaterEntryTests.swift */,
				6E15CFF61C9336650063173B /* BeverageTests.swift */,
				6E15D05B1C959B2C0063173B /* BeverageManagerTests.swift */,
			);
			name = Modell;
			sourceTree = "<group>";
		};
		6E15CFFC1C93381A0063173B /* Controller */ = {
			isa = PBXGroup;
			children = (
				6E15D0001C9338510063173B /* MainViewControllerTests.swift */,
				6E15D00F1C9348EA0063173B /* SelectionViewDataProviderTests.swift */,
				6E15D0451C94143B0063173B /* BeverageCellTests.swift */,
				6E15D0471C9416ED0063173B /* ContentViewControllerTests.swift */,
			);
			name = Controller;
			sourceTree = "<group>";
		};
		6E15CFFF1C93382D0063173B /* Controller */ = {
			isa = PBXGroup;
			children = (
				6E15CFFD1C9338260063173B /* MainViewController.swift */,
				6E15D00D1C9347560063173B /* SelectionDataProvider.swift */,
				6E15D0411C93FE5F0063173B /* ContentViewController.swift */,
				6E15D0431C9412D40063173B /* BeverageCell.swift */,
			);
			name = Controller;
			sourceTree = "<group>";
		};
		6E15D0071C933F060063173B /* Views */ = {
			isa = PBXGroup;
			children = (
				6E15D0081C933F1C0063173B /* SelectionView.swift */,
				6E82A72E1C96ED16006F2B67 /* AmountView.swift */,
			);
			name = Views;
			sourceTree = "<group>";
		};
		6E15D00A1C933F3E0063173B /* Views */ = {
			isa = PBXGroup;
			children = (
				6E15D00B1C933F500063173B /* SelectionViewTests.swift */,
				6E82A7301C96ED84006F2B67 /* AmountViewTests.swift */,
			);
			name = Views;
			sourceTree = "<group>";
		};
/* End PBXGroup section */

/* Begin PBXNativeTarget section */
		6E15CFC81C9333A00063173B /* myWater */ = {
			isa = PBXNativeTarget;
			buildConfigurationList = 6E15CFE61C9333A00063173B /* Build configuration list for PBXNativeTarget "myWater" */;
			buildPhases = (
				6E15CFC51C9333A00063173B /* Sources */,
				6E15CFC61C9333A00063173B /* Frameworks */,
				6E15CFC71C9333A00063173B /* Resources */,
			);
			buildRules = (
			);
			dependencies = (
			);
			name = myWater;
			productName = myWater;
			productReference = 6E15CFC91C9333A00063173B /* myWater.app */;
			productType = "com.apple.product-type.application";
		};
		6E15CFDC1C9333A00063173B /* myWaterTests */ = {
			isa = PBXNativeTarget;
			buildConfigurationList = 6E15CFE91C9333A00063173B /* Build configuration list for PBXNativeTarget "myWaterTests" */;
			buildPhases = (
				6E15CFD91C9333A00063173B /* Sources */,
				6E15CFDA1C9333A00063173B /* Frameworks */,
				6E15CFDB1C9333A00063173B /* Resources */,
			);
			buildRules = (
			);
			dependencies = (
				6E15CFDF1C9333A00063173B /* PBXTargetDependency */,
			);
			name = myWaterTests;
			productName = myWaterTests;
			productReference = 6E15CFDD1C9333A00063173B /* myWaterTests.xctest */;
			productType = "com.apple.product-type.bundle.unit-test";
		};
/* End PBXNativeTarget section */

/* Begin PBXProject section */
		6E15CFC11C9333A00063173B /* Project object */ = {
			isa = PBXProject;
			attributes = {
				LastSwiftUpdateCheck = 0720;
				LastUpgradeCheck = 0720;
				ORGANIZATIONNAME = "Timm Kent";
				TargetAttributes = {
					6E15CFC81C9333A00063173B = {
						CreatedOnToolsVersion = 7.2.1;
					};
					6E15CFDC1C9333A00063173B = {
						CreatedOnToolsVersion = 7.2.1;
						TestTargetID = 6E15CFC81C9333A00063173B;
					};
				};
			};
			buildConfigurationList = 6E15CFC41C9333A00063173B /* Build configuration list for PBXProject "myWater" */;
			compatibilityVersion = "Xcode 3.2";
			developmentRegion = English;
			hasScannedForEncodings = 0;
			knownRegions = (
				en,
				Base,
			);
			mainGroup = 6E15CFC01C9333A00063173B;
			productRefGroup = 6E15CFCA1C9333A00063173B /* Products */;
			projectDirPath = "";
			projectRoot = "";
			targets = (
				6E15CFC81C9333A00063173B /* myWater */,
				6E15CFDC1C9333A00063173B /* myWaterTests */,
			);
		};
/* End PBXProject section */

/* Begin PBXResourcesBuildPhase section */
		6E15CFC71C9333A00063173B /* Resources */ = {
			isa = PBXResourcesBuildPhase;
			buildActionMask = 2147483647;
			files = (
				6E15CFD71C9333A00063173B /* LaunchScreen.storyboard in Resources */,
				6E15CFD41C9333A00063173B /* Assets.xcassets in Resources */,
				6E15CFD21C9333A00063173B /* Main.storyboard in Resources */,
			);
			runOnlyForDeploymentPostprocessing = 0;
		};
		6E15CFDB1C9333A00063173B /* Resources */ = {
			isa = PBXResourcesBuildPhase;
			buildActionMask = 2147483647;
			files = (
			);
			runOnlyForDeploymentPostprocessing = 0;
		};
/* End PBXResourcesBuildPhase section */

/* Begin PBXSourcesBuildPhase section */
		6E15CFC51C9333A00063173B /* Sources */ = {
			isa = PBXSourcesBuildPhase;
			buildActionMask = 2147483647;
			files = (
				6E15D05E1C959B770063173B /* BeverageManager.swift in Sources */,
				6E15D0441C9412D40063173B /* BeverageCell.swift in Sources */,
				6E82A72F1C96ED16006F2B67 /* AmountView.swift in Sources */,
				6E15D04C1C94B6910063173B /* Extension+UIColor.swift in Sources */,
				6E15D0421C93FE5F0063173B /* ContentViewController.swift in Sources */,
				6E15CFFE1C9338260063173B /* MainViewController.swift in Sources */,
				6E15CFCF1C9333A00063173B /* ViewController.swift in Sources */,
				6E15CFCD1C9333A00063173B /* AppDelegate.swift in Sources */,
				6E15CFF91C93368F0063173B /* Beverage.swift in Sources */,
				6E15CFF51C93349E0063173B /* WaterEntry.swift in Sources */,
				6E15D0091C933F1C0063173B /* SelectionView.swift in Sources */,
				6E15D00E1C9347560063173B /* SelectionDataProvider.swift in Sources */,
			);
			runOnlyForDeploymentPostprocessing = 0;
		};
		6E15CFD91C9333A00063173B /* Sources */ = {
			isa = PBXSourcesBuildPhase;
			buildActionMask = 2147483647;
			files = (
				6E15D0461C94143B0063173B /* BeverageCellTests.swift in Sources */,
				6E15CFF31C9334430063173B /* WaterEntryTests.swift in Sources */,
				6E15CFF71C9336650063173B /* BeverageTests.swift in Sources */,
				6E82A7311C96ED84006F2B67 /* AmountViewTests.swift in Sources */,
				6E15D00C1C933F500063173B /* SelectionViewTests.swift in Sources */,
				6E15D05C1C959B2C0063173B /* BeverageManagerTests.swift in Sources */,
				6E15D0481C9416ED0063173B /* ContentViewControllerTests.swift in Sources */,
				6E15D0101C9348EA0063173B /* SelectionViewDataProviderTests.swift in Sources */,
				6E15D0011C9338510063173B /* MainViewControllerTests.swift in Sources */,
			);
			runOnlyForDeploymentPostprocessing = 0;
		};
/* End PBXSourcesBuildPhase section */

/* Begin PBXTargetDependency section */
		6E15CFDF1C9333A00063173B /* PBXTargetDependency */ = {
			isa = PBXTargetDependency;
			target = 6E15CFC81C9333A00063173B /* myWater */;
			targetProxy = 6E15CFDE1C9333A00063173B /* PBXContainerItemProxy */;
		};
/* End PBXTargetDependency section */

/* Begin PBXVariantGroup section */
		6E15CFD01C9333A00063173B /* Main.storyboard */ = {
			isa = PBXVariantGroup;
			children = (
				6E15CFD11C9333A00063173B /* Base */,
			);
			name = Main.storyboard;
			sourceTree = "<group>";
		};
		6E15CFD51C9333A00063173B /* LaunchScreen.storyboard */ = {
			isa = PBXVariantGroup;
			children = (
				6E15CFD61C9333A00063173B /* Base */,
			);
			name = LaunchScreen.storyboard;
			sourceTree = "<group>";
		};
/* End PBXVariantGroup section */

/* Begin XCBuildConfiguration section */
		6E15CFE41C9333A00063173B /* Debug */ = {
			isa = XCBuildConfiguration;
			buildSettings = {
				ALWAYS_SEARCH_USER_PATHS = NO;
				CLANG_CXX_LANGUAGE_STANDARD = "gnu++0x";
				CLANG_CXX_LIBRARY = "libc++";
				CLANG_ENABLE_MODULES = YES;
				CLANG_ENABLE_OBJC_ARC = YES;
				CLANG_WARN_BOOL_CONVERSION = YES;
				CLANG_WARN_CONSTANT_CONVERSION = YES;
				CLANG_WARN_DIRECT_OBJC_ISA_USAGE = YES_ERROR;
				CLANG_WARN_EMPTY_BODY = YES;
				CLANG_WARN_ENUM_CONVERSION = YES;
				CLANG_WARN_INT_CONVERSION = YES;
				CLANG_WARN_OBJC_ROOT_CLASS = YES_ERROR;
				CLANG_WARN_UNREACHABLE_CODE = YES;
				CLANG_WARN__DUPLICATE_METHOD_MATCH = YES;
				"CODE_SIGN_IDENTITY[sdk=iphoneos*]" = "iPhone Developer";
				COPY_PHASE_STRIP = NO;
				DEBUG_INFORMATION_FORMAT = dwarf;
				ENABLE_STRICT_OBJC_MSGSEND = YES;
				ENABLE_TESTABILITY = YES;
				GCC_C_LANGUAGE_STANDARD = gnu99;
				GCC_DYNAMIC_NO_PIC = NO;
				GCC_NO_COMMON_BLOCKS = YES;
				GCC_OPTIMIZATION_LEVEL = 0;
				GCC_PREPROCESSOR_DEFINITIONS = (
					"DEBUG=1",
					"$(inherited)",
				);
				GCC_WARN_64_TO_32_BIT_CONVERSION = YES;
				GCC_WARN_ABOUT_RETURN_TYPE = YES_ERROR;
				GCC_WARN_UNDECLARED_SELECTOR = YES;
				GCC_WARN_UNINITIALIZED_AUTOS = YES_AGGRESSIVE;
				GCC_WARN_UNUSED_FUNCTION = YES;
				GCC_WARN_UNUSED_VARIABLE = YES;
				IPHONEOS_DEPLOYMENT_TARGET = 9.2;
				MTL_ENABLE_DEBUG_INFO = YES;
				ONLY_ACTIVE_ARCH = YES;
				SDKROOT = iphoneos;
				SWIFT_OPTIMIZATION_LEVEL = "-Onone";
				TARGETED_DEVICE_FAMILY = "1,2";
			};
			name = Debug;
		};
		6E15CFE51C9333A00063173B /* Release */ = {
			isa = XCBuildConfiguration;
			buildSettings = {
				ALWAYS_SEARCH_USER_PATHS = NO;
				CLANG_CXX_LANGUAGE_STANDARD = "gnu++0x";
				CLANG_CXX_LIBRARY = "libc++";
				CLANG_ENABLE_MODULES = YES;
				CLANG_ENABLE_OBJC_ARC = YES;
				CLANG_WARN_BOOL_CONVERSION = YES;
				CLANG_WARN_CONSTANT_CONVERSION = YES;
				CLANG_WARN_DIRECT_OBJC_ISA_USAGE = YES_ERROR;
				CLANG_WARN_EMPTY_BODY = YES;
				CLANG_WARN_ENUM_CONVERSION = YES;
				CLANG_WARN_INT_CONVERSION = YES;
				CLANG_WARN_OBJC_ROOT_CLASS = YES_ERROR;
				CLANG_WARN_UNREACHABLE_CODE = YES;
				CLANG_WARN__DUPLICATE_METHOD_MATCH = YES;
				"CODE_SIGN_IDENTITY[sdk=iphoneos*]" = "iPhone Developer";
				COPY_PHASE_STRIP = NO;
				DEBUG_INFORMATION_FORMAT = "dwarf-with-dsym";
				ENABLE_NS_ASSERTIONS = NO;
				ENABLE_STRICT_OBJC_MSGSEND = YES;
				GCC_C_LANGUAGE_STANDARD = gnu99;
				GCC_NO_COMMON_BLOCKS = YES;
				GCC_WARN_64_TO_32_BIT_CONVERSION = YES;
				GCC_WARN_ABOUT_RETURN_TYPE = YES_ERROR;
				GCC_WARN_UNDECLARED_SELECTOR = YES;
				GCC_WARN_UNINITIALIZED_AUTOS = YES_AGGRESSIVE;
				GCC_WARN_UNUSED_FUNCTION = YES;
				GCC_WARN_UNUSED_VARIABLE = YES;
				IPHONEOS_DEPLOYMENT_TARGET = 9.2;
				MTL_ENABLE_DEBUG_INFO = NO;
				SDKROOT = iphoneos;
				TARGETED_DEVICE_FAMILY = "1,2";
				VALIDATE_PRODUCT = YES;
			};
			name = Release;
		};
		6E15CFE71C9333A00063173B /* Debug */ = {
			isa = XCBuildConfiguration;
			buildSettings = {
				ASSETCATALOG_COMPILER_APPICON_NAME = AppIcon;
				INFOPLIST_FILE = myWater/Info.plist;
				LD_RUNPATH_SEARCH_PATHS = "$(inherited) @executable_path/Frameworks";
				PRODUCT_BUNDLE_IDENTIFIER = com.madeTK.myWater;
				PRODUCT_NAME = "$(TARGET_NAME)";
			};
			name = Debug;
		};
		6E15CFE81C9333A00063173B /* Release */ = {
			isa = XCBuildConfiguration;
			buildSettings = {
				ASSETCATALOG_COMPILER_APPICON_NAME = AppIcon;
				INFOPLIST_FILE = myWater/Info.plist;
				LD_RUNPATH_SEARCH_PATHS = "$(inherited) @executable_path/Frameworks";
				PRODUCT_BUNDLE_IDENTIFIER = com.madeTK.myWater;
				PRODUCT_NAME = "$(TARGET_NAME)";
			};
			name = Release;
		};
		6E15CFEA1C9333A00063173B /* Debug */ = {
			isa = XCBuildConfiguration;
			buildSettings = {
				BUNDLE_LOADER = "$(TEST_HOST)";
				INFOPLIST_FILE = myWaterTests/Info.plist;
				LD_RUNPATH_SEARCH_PATHS = "$(inherited) @executable_path/Frameworks @loader_path/Frameworks";
				PRODUCT_BUNDLE_IDENTIFIER = com.madeTK.myWaterTests;
				PRODUCT_NAME = "$(TARGET_NAME)";
				TEST_HOST = "$(BUILT_PRODUCTS_DIR)/myWater.app/myWater";
			};
			name = Debug;
		};
		6E15CFEB1C9333A00063173B /* Release */ = {
			isa = XCBuildConfiguration;
			buildSettings = {
				BUNDLE_LOADER = "$(TEST_HOST)";
				INFOPLIST_FILE = myWaterTests/Info.plist;
				LD_RUNPATH_SEARCH_PATHS = "$(inherited) @executable_path/Frameworks @loader_path/Frameworks";
				PRODUCT_BUNDLE_IDENTIFIER = com.madeTK.myWaterTests;
				PRODUCT_NAME = "$(TARGET_NAME)";
				TEST_HOST = "$(BUILT_PRODUCTS_DIR)/myWater.app/myWater";
			};
			name = Release;
		};
/* End XCBuildConfiguration section */

/* Begin XCConfigurationList section */
		6E15CFC41C9333A00063173B /* Build configuration list for PBXProject "myWater" */ = {
			isa = XCConfigurationList;
			buildConfigurations = (
				6E15CFE41C9333A00063173B /* Debug */,
				6E15CFE51C9333A00063173B /* Release */,
			);
			defaultConfigurationIsVisible = 0;
			defaultConfigurationName = Release;
		};
		6E15CFE61C9333A00063173B /* Build configuration list for PBXNativeTarget "myWater" */ = {
			isa = XCConfigurationList;
			buildConfigurations = (
				6E15CFE71C9333A00063173B /* Debug */,
				6E15CFE81C9333A00063173B /* Release */,
			);
			defaultConfigurationIsVisible = 0;
			defaultConfigurationName = Release;
		};
		6E15CFE91C9333A00063173B /* Build configuration list for PBXNativeTarget "myWaterTests" */ = {
			isa = XCConfigurationList;
			buildConfigurations = (
				6E15CFEA1C9333A00063173B /* Debug */,
				6E15CFEB1C9333A00063173B /* Release */,
			);
			defaultConfigurationIsVisible = 0;
			defaultConfigurationName = Release;
		};
/* End XCConfigurationList section */
	};
	rootObject = 6E15CFC11C9333A00063173B /* Project object */;
}
